// !$*UTF8*$!
{
	archiveVersion = 1;
	classes = {
	};
	objectVersion = 56;
	objects = {

/* Begin PBXBuildFile section */
		A116836F2BAC6EEA0021BA5C /* Finances_CalcApp.swift in Sources */ = {isa = PBXBuildFile; fileRef = A116836E2BAC6EEA0021BA5C /* Finances_CalcApp.swift */; };
		A11683712BAC6EEA0021BA5C /* ContentView.swift in Sources */ = {isa = PBXBuildFile; fileRef = A11683702BAC6EEA0021BA5C /* ContentView.swift */; };
		A11683732BAC6EEA0021BA5C /* Item.swift in Sources */ = {isa = PBXBuildFile; fileRef = A11683722BAC6EEA0021BA5C /* Item.swift */; };
		A11683752BAC6EEC0021BA5C /* Assets.xcassets in Resources */ = {isa = PBXBuildFile; fileRef = A11683742BAC6EEC0021BA5C /* Assets.xcassets */; };
		A11683782BAC6EEC0021BA5C /* Preview Assets.xcassets in Resources */ = {isa = PBXBuildFile; fileRef = A11683772BAC6EEC0021BA5C /* Preview Assets.xcassets */; };
		A11683832BAC6EED0021BA5C /* Finances_CalcTests.swift in Sources */ = {isa = PBXBuildFile; fileRef = A11683822BAC6EED0021BA5C /* Finances_CalcTests.swift */; };
		A116838D2BAC6EED0021BA5C /* Finances_CalcUITests.swift in Sources */ = {isa = PBXBuildFile; fileRef = A116838C2BAC6EED0021BA5C /* Finances_CalcUITests.swift */; };
		A116838F2BAC6EED0021BA5C /* Finances_CalcUITestsLaunchTests.swift in Sources */ = {isa = PBXBuildFile; fileRef = A116838E2BAC6EED0021BA5C /* Finances_CalcUITestsLaunchTests.swift */; };
/* End PBXBuildFile section */

/* Begin PBXContainerItemProxy section */
		A116837F2BAC6EED0021BA5C /* PBXContainerItemProxy */ = {
			isa = PBXContainerItemProxy;
			containerPortal = A11683632BAC6EEA0021BA5C /* Project object */;
			proxyType = 1;
			remoteGlobalIDString = A116836A2BAC6EEA0021BA5C;
			remoteInfo = "Finances Calc";
		};
		A11683892BAC6EED0021BA5C /* PBXContainerItemProxy */ = {
			isa = PBXContainerItemProxy;
			containerPortal = A11683632BAC6EEA0021BA5C /* Project object */;
			proxyType = 1;
			remoteGlobalIDString = A116836A2BAC6EEA0021BA5C;
			remoteInfo = "Finances Calc";
		};
/* End PBXContainerItemProxy section */

/* Begin PBXFileReference section */
		A116836B2BAC6EEA0021BA5C /* Finances Calc.app */ = {isa = PBXFileReference; explicitFileType = wrapper.application; includeInIndex = 0; path = "Finances Calc.app"; sourceTree = BUILT_PRODUCTS_DIR; };
		A116836E2BAC6EEA0021BA5C /* Finances_CalcApp.swift */ = {isa = PBXFileReference; lastKnownFileType = sourcecode.swift; path = Finances_CalcApp.swift; sourceTree = "<group>"; };
		A11683702BAC6EEA0021BA5C /* ContentView.swift */ = {isa = PBXFileReference; lastKnownFileType = sourcecode.swift; path = ContentView.swift; sourceTree = "<group>"; };
		A11683722BAC6EEA0021BA5C /* Item.swift */ = {isa = PBXFileReference; lastKnownFileType = sourcecode.swift; path = Item.swift; sourceTree = "<group>"; };
		A11683742BAC6EEC0021BA5C /* Assets.xcassets */ = {isa = PBXFileReference; lastKnownFileType = folder.assetcatalog; path = Assets.xcassets; sourceTree = "<group>"; };
		A11683772BAC6EEC0021BA5C /* Preview Assets.xcassets */ = {isa = PBXFileReference; lastKnownFileType = folder.assetcatalog; path = "Preview Assets.xcassets"; sourceTree = "<group>"; };
		A11683792BAC6EEC0021BA5C /* Finances_Calc.entitlements */ = {isa = PBXFileReference; lastKnownFileType = text.plist.entitlements; path = Finances_Calc.entitlements; sourceTree = "<group>"; };
		A116837E2BAC6EED0021BA5C /* Finances CalcTests.xctest */ = {isa = PBXFileReference; explicitFileType = wrapper.cfbundle; includeInIndex = 0; path = "Finances CalcTests.xctest"; sourceTree = BUILT_PRODUCTS_DIR; };
		A11683822BAC6EED0021BA5C /* Finances_CalcTests.swift */ = {isa = PBXFileReference; lastKnownFileType = sourcecode.swift; path = Finances_CalcTests.swift; sourceTree = "<group>"; };
		A11683882BAC6EED0021BA5C /* Finances CalcUITests.xctest */ = {isa = PBXFileReference; explicitFileType = wrapper.cfbundle; includeInIndex = 0; path = "Finances CalcUITests.xctest"; sourceTree = BUILT_PRODUCTS_DIR; };
		A116838C2BAC6EED0021BA5C /* Finances_CalcUITests.swift */ = {isa = PBXFileReference; lastKnownFileType = sourcecode.swift; path = Finances_CalcUITests.swift; sourceTree = "<group>"; };
		A116838E2BAC6EED0021BA5C /* Finances_CalcUITestsLaunchTests.swift */ = {isa = PBXFileReference; lastKnownFileType = sourcecode.swift; path = Finances_CalcUITestsLaunchTests.swift; sourceTree = "<group>"; };
/* End PBXFileReference section */

/* Begin PBXFrameworksBuildPhase section */
		A11683682BAC6EEA0021BA5C /* Frameworks */ = {
			isa = PBXFrameworksBuildPhase;
			buildActionMask = 2147483647;
			files = (
			);
			runOnlyForDeploymentPostprocessing = 0;
		};
		A116837B2BAC6EED0021BA5C /* Frameworks */ = {
			isa = PBXFrameworksBuildPhase;
			buildActionMask = 2147483647;
			files = (
			);
			runOnlyForDeploymentPostprocessing = 0;
		};
		A11683852BAC6EED0021BA5C /* Frameworks */ = {
			isa = PBXFrameworksBuildPhase;
			buildActionMask = 2147483647;
			files = (
			);
			runOnlyForDeploymentPostprocessing = 0;
		};
/* End PBXFrameworksBuildPhase section */

/* Begin PBXGroup section */
		A11683622BAC6EEA0021BA5C = {
			isa = PBXGroup;
			children = (
				A116836D2BAC6EEA0021BA5C /* Finances Calc */,
				A11683812BAC6EED0021BA5C /* Finances CalcTests */,
				A116838B2BAC6EED0021BA5C /* Finances CalcUITests */,
				A116836C2BAC6EEA0021BA5C /* Products */,
			);
			sourceTree = "<group>";
		};
		A116836C2BAC6EEA0021BA5C /* Products */ = {
			isa = PBXGroup;
			children = (
				A116836B2BAC6EEA0021BA5C /* Finances Calc.app */,
				A116837E2BAC6EED0021BA5C /* Finances CalcTests.xctest */,
				A11683882BAC6EED0021BA5C /* Finances CalcUITests.xctest */,
			);
			name = Products;
			sourceTree = "<group>";
		};
		A116836D2BAC6EEA0021BA5C /* Finances Calc */ = {
			isa = PBXGroup;
			children = (
				A116836E2BAC6EEA0021BA5C /* Finances_CalcApp.swift */,
				A11683702BAC6EEA0021BA5C /* ContentView.swift */,
				A11683722BAC6EEA0021BA5C /* Item.swift */,
				A11683742BAC6EEC0021BA5C /* Assets.xcassets */,
				A11683792BAC6EEC0021BA5C /* Finances_Calc.entitlements */,
				A11683762BAC6EEC0021BA5C /* Preview Content */,
			);
			path = "Finances Calc";
			sourceTree = "<group>";
		};
		A11683762BAC6EEC0021BA5C /* Preview Content */ = {
			isa = PBXGroup;
			children = (
				A11683772BAC6EEC0021BA5C /* Preview Assets.xcassets */,
			);
			path = "Preview Content";
			sourceTree = "<group>";
		};
		A11683812BAC6EED0021BA5C /* Finances CalcTests */ = {
			isa = PBXGroup;
			children = (
				A11683822BAC6EED0021BA5C /* Finances_CalcTests.swift */,
			);
			path = "Finances CalcTests";
			sourceTree = "<group>";
		};
		A116838B2BAC6EED0021BA5C /* Finances CalcUITests */ = {
			isa = PBXGroup;
			children = (
				A116838C2BAC6EED0021BA5C /* Finances_CalcUITests.swift */,
				A116838E2BAC6EED0021BA5C /* Finances_CalcUITestsLaunchTests.swift */,
			);
			path = "Finances CalcUITests";
			sourceTree = "<group>";
		};
/* End PBXGroup section */

/* Begin PBXNativeTarget section */
		A116836A2BAC6EEA0021BA5C /* Finances Calc */ = {
			isa = PBXNativeTarget;
			buildConfigurationList = A11683922BAC6EED0021BA5C /* Build configuration list for PBXNativeTarget "Finances Calc" */;
			buildPhases = (
				A11683672BAC6EEA0021BA5C /* Sources */,
				A11683682BAC6EEA0021BA5C /* Frameworks */,
				A11683692BAC6EEA0021BA5C /* Resources */,
			);
			buildRules = (
			);
			dependencies = (
			);
			name = "Finances Calc";
			productName = "Finances Calc";
			productReference = A116836B2BAC6EEA0021BA5C /* Finances Calc.app */;
			productType = "com.apple.product-type.application";
		};
		A116837D2BAC6EED0021BA5C /* Finances CalcTests */ = {
			isa = PBXNativeTarget;
			buildConfigurationList = A11683952BAC6EED0021BA5C /* Build configuration list for PBXNativeTarget "Finances CalcTests" */;
			buildPhases = (
				A116837A2BAC6EED0021BA5C /* Sources */,
				A116837B2BAC6EED0021BA5C /* Frameworks */,
				A116837C2BAC6EED0021BA5C /* Resources */,
			);
			buildRules = (
			);
			dependencies = (
				A11683802BAC6EED0021BA5C /* PBXTargetDependency */,
			);
			name = "Finances CalcTests";
			productName = "Finances CalcTests";
			productReference = A116837E2BAC6EED0021BA5C /* Finances CalcTests.xctest */;
			productType = "com.apple.product-type.bundle.unit-test";
		};
		A11683872BAC6EED0021BA5C /* Finances CalcUITests */ = {
			isa = PBXNativeTarget;
			buildConfigurationList = A11683982BAC6EED0021BA5C /* Build configuration list for PBXNativeTarget "Finances CalcUITests" */;
			buildPhases = (
				A11683842BAC6EED0021BA5C /* Sources */,
				A11683852BAC6EED0021BA5C /* Frameworks */,
				A11683862BAC6EED0021BA5C /* Resources */,
			);
			buildRules = (
			);
			dependencies = (
				A116838A2BAC6EED0021BA5C /* PBXTargetDependency */,
			);
			name = "Finances CalcUITests";
			productName = "Finances CalcUITests";
			productReference = A11683882BAC6EED0021BA5C /* Finances CalcUITests.xctest */;
			productType = "com.apple.product-type.bundle.ui-testing";
		};
/* End PBXNativeTarget section */

/* Begin PBXProject section */
		A11683632BAC6EEA0021BA5C /* Project object */ = {
			isa = PBXProject;
			attributes = {
				BuildIndependentTargetsInParallel = 1;
				LastSwiftUpdateCheck = 1530;
				LastUpgradeCheck = 1530;
				TargetAttributes = {
					A116836A2BAC6EEA0021BA5C = {
						CreatedOnToolsVersion = 15.3;
					};
					A116837D2BAC6EED0021BA5C = {
						CreatedOnToolsVersion = 15.3;
						TestTargetID = A116836A2BAC6EEA0021BA5C;
					};
					A11683872BAC6EED0021BA5C = {
						CreatedOnToolsVersion = 15.3;
						TestTargetID = A116836A2BAC6EEA0021BA5C;
					};
				};
			};
			buildConfigurationList = A11683662BAC6EEA0021BA5C /* Build configuration list for PBXProject "Finances Calc" */;
			compatibilityVersion = "Xcode 14.0";
			developmentRegion = en;
			hasScannedForEncodings = 0;
			knownRegions = (
				en,
				Base,
			);
			mainGroup = A11683622BAC6EEA0021BA5C;
			productRefGroup = A116836C2BAC6EEA0021BA5C /* Products */;
			projectDirPath = "";
			projectRoot = "";
			targets = (
				A116836A2BAC6EEA0021BA5C /* Finances Calc */,
				A116837D2BAC6EED0021BA5C /* Finances CalcTests */,
				A11683872BAC6EED0021BA5C /* Finances CalcUITests */,
			);
		};
/* End PBXProject section */

/* Begin PBXResourcesBuildPhase section */
		A11683692BAC6EEA0021BA5C /* Resources */ = {
			isa = PBXResourcesBuildPhase;
			buildActionMask = 2147483647;
			files = (
				A11683782BAC6EEC0021BA5C /* Preview Assets.xcassets in Resources */,
				A11683752BAC6EEC0021BA5C /* Assets.xcassets in Resources */,
			);
			runOnlyForDeploymentPostprocessing = 0;
		};
		A116837C2BAC6EED0021BA5C /* Resources */ = {
			isa = PBXResourcesBuildPhase;
			buildActionMask = 2147483647;
			files = (
			);
			runOnlyForDeploymentPostprocessing = 0;
		};
		A11683862BAC6EED0021BA5C /* Resources */ = {
			isa = PBXResourcesBuildPhase;
			buildActionMask = 2147483647;
			files = (
			);
			runOnlyForDeploymentPostprocessing = 0;
		};
/* End PBXResourcesBuildPhase section */

/* Begin PBXSourcesBuildPhase section */
		A11683672BAC6EEA0021BA5C /* Sources */ = {
			isa = PBXSourcesBuildPhase;
			buildActionMask = 2147483647;
			files = (
				A11683712BAC6EEA0021BA5C /* ContentView.swift in Sources */,
				A11683732BAC6EEA0021BA5C /* Item.swift in Sources */,
				A116836F2BAC6EEA0021BA5C /* Finances_CalcApp.swift in Sources */,
			);
			runOnlyForDeploymentPostprocessing = 0;
		};
		A116837A2BAC6EED0021BA5C /* Sources */ = {
			isa = PBXSourcesBuildPhase;
			buildActionMask = 2147483647;
			files = (
				A11683832BAC6EED0021BA5C /* Finances_CalcTests.swift in Sources */,
			);
			runOnlyForDeploymentPostprocessing = 0;
		};
		A11683842BAC6EED0021BA5C /* Sources */ = {
			isa = PBXSourcesBuildPhase;
			buildActionMask = 2147483647;
			files = (
				A116838F2BAC6EED0021BA5C /* Finances_CalcUITestsLaunchTests.swift in Sources */,
				A116838D2BAC6EED0021BA5C /* Finances_CalcUITests.swift in Sources */,
			);
			runOnlyForDeploymentPostprocessing = 0;
		};
/* End PBXSourcesBuildPhase section */

/* Begin PBXTargetDependency section */
		A11683802BAC6EED0021BA5C /* PBXTargetDependency */ = {
			isa = PBXTargetDependency;
			target = A116836A2BAC6EEA0021BA5C /* Finances Calc */;
			targetProxy = A116837F2BAC6EED0021BA5C /* PBXContainerItemProxy */;
		};
		A116838A2BAC6EED0021BA5C /* PBXTargetDependency */ = {
			isa = PBXTargetDependency;
			target = A116836A2BAC6EEA0021BA5C /* Finances Calc */;
			targetProxy = A11683892BAC6EED0021BA5C /* PBXContainerItemProxy */;
		};
/* End PBXTargetDependency section */

/* Begin XCBuildConfiguration section */
		A11683902BAC6EED0021BA5C /* Debug */ = {
			isa = XCBuildConfiguration;
			buildSettings = {
				ALWAYS_SEARCH_USER_PATHS = NO;
				ASSETCATALOG_COMPILER_GENERATE_SWIFT_ASSET_SYMBOL_EXTENSIONS = YES;
				CLANG_ANALYZER_NONNULL = YES;
				CLANG_ANALYZER_NUMBER_OBJECT_CONVERSION = YES_AGGRESSIVE;
				CLANG_CXX_LANGUAGE_STANDARD = "gnu++20";
				CLANG_ENABLE_MODULES = YES;
				CLANG_ENABLE_OBJC_ARC = YES;
				CLANG_ENABLE_OBJC_WEAK = YES;
				CLANG_WARN_BLOCK_CAPTURE_AUTORELEASING = YES;
				CLANG_WARN_BOOL_CONVERSION = YES;
				CLANG_WARN_COMMA = YES;
				CLANG_WARN_CONSTANT_CONVERSION = YES;
				CLANG_WARN_DEPRECATED_OBJC_IMPLEMENTATIONS = YES;
				CLANG_WARN_DIRECT_OBJC_ISA_USAGE = YES_ERROR;
				CLANG_WARN_DOCUMENTATION_COMMENTS = YES;
				CLANG_WARN_EMPTY_BODY = YES;
				CLANG_WARN_ENUM_CONVERSION = YES;
				CLANG_WARN_INFINITE_RECURSION = YES;
				CLANG_WARN_INT_CONVERSION = YES;
				CLANG_WARN_NON_LITERAL_NULL_CONVERSION = YES;
				CLANG_WARN_OBJC_IMPLICIT_RETAIN_SELF = YES;
				CLANG_WARN_OBJC_LITERAL_CONVERSION = YES;
				CLANG_WARN_OBJC_ROOT_CLASS = YES_ERROR;
				CLANG_WARN_QUOTED_INCLUDE_IN_FRAMEWORK_HEADER = YES;
				CLANG_WARN_RANGE_LOOP_ANALYSIS = YES;
				CLANG_WARN_STRICT_PROTOTYPES = YES;
				CLANG_WARN_SUSPICIOUS_MOVE = YES;
				CLANG_WARN_UNGUARDED_AVAILABILITY = YES_AGGRESSIVE;
				CLANG_WARN_UNREACHABLE_CODE = YES;
				CLANG_WARN__DUPLICATE_METHOD_MATCH = YES;
				COPY_PHASE_STRIP = NO;
				DEBUG_INFORMATION_FORMAT = dwarf;
				ENABLE_STRICT_OBJC_MSGSEND = YES;
				ENABLE_TESTABILITY = YES;
				ENABLE_USER_SCRIPT_SANDBOXING = YES;
				GCC_C_LANGUAGE_STANDARD = gnu17;
				GCC_DYNAMIC_NO_PIC = NO;
				GCC_NO_COMMON_BLOCKS = YES;
				GCC_OPTIMIZATION_LEVEL = 0;
				GCC_PREPROCESSOR_DEFINITIONS = (
					"DEBUG=1",
					"$(inherited)",
				);
				GCC_WARN_64_TO_32_BIT_CONVERSION = YES;
				GCC_WARN_ABOUT_RETURN_TYPE = YES_ERROR;
				GCC_WARN_UNDECLARED_SELECTOR = YES;
				GCC_WARN_UNINITIALIZED_AUTOS = YES_AGGRESSIVE;
				GCC_WARN_UNUSED_FUNCTION = YES;
				GCC_WARN_UNUSED_VARIABLE = YES;
				LOCALIZATION_PREFERS_STRING_CATALOGS = YES;
				MACOSX_DEPLOYMENT_TARGET = 14.2;
				MTL_ENABLE_DEBUG_INFO = INCLUDE_SOURCE;
				MTL_FAST_MATH = YES;
				ONLY_ACTIVE_ARCH = YES;
				SDKROOT = macosx;
				SWIFT_ACTIVE_COMPILATION_CONDITIONS = "DEBUG $(inherited)";
				SWIFT_OPTIMIZATION_LEVEL = "-Onone";
			};
			name = Debug;
		};
		A11683912BAC6EED0021BA5C /* Release */ = {
			isa = XCBuildConfiguration;
			buildSettings = {
				ALWAYS_SEARCH_USER_PATHS = NO;
				ASSETCATALOG_COMPILER_GENERATE_SWIFT_ASSET_SYMBOL_EXTENSIONS = YES;
				CLANG_ANALYZER_NONNULL = YES;
				CLANG_ANALYZER_NUMBER_OBJECT_CONVERSION = YES_AGGRESSIVE;
				CLANG_CXX_LANGUAGE_STANDARD = "gnu++20";
				CLANG_ENABLE_MODULES = YES;
				CLANG_ENABLE_OBJC_ARC = YES;
				CLANG_ENABLE_OBJC_WEAK = YES;
				CLANG_WARN_BLOCK_CAPTURE_AUTORELEASING = YES;
				CLANG_WARN_BOOL_CONVERSION = YES;
				CLANG_WARN_COMMA = YES;
				CLANG_WARN_CONSTANT_CONVERSION = YES;
				CLANG_WARN_DEPRECATED_OBJC_IMPLEMENTATIONS = YES;
				CLANG_WARN_DIRECT_OBJC_ISA_USAGE = YES_ERROR;
				CLANG_WARN_DOCUMENTATION_COMMENTS = YES;
				CLANG_WARN_EMPTY_BODY = YES;
				CLANG_WARN_ENUM_CONVERSION = YES;
				CLANG_WARN_INFINITE_RECURSION = YES;
				CLANG_WARN_INT_CONVERSION = YES;
				CLANG_WARN_NON_LITERAL_NULL_CONVERSION = YES;
				CLANG_WARN_OBJC_IMPLICIT_RETAIN_SELF = YES;
				CLANG_WARN_OBJC_LITERAL_CONVERSION = YES;
				CLANG_WARN_OBJC_ROOT_CLASS = YES_ERROR;
				CLANG_WARN_QUOTED_INCLUDE_IN_FRAMEWORK_HEADER = YES;
				CLANG_WARN_RANGE_LOOP_ANALYSIS = YES;
				CLANG_WARN_STRICT_PROTOTYPES = YES;
				CLANG_WARN_SUSPICIOUS_MOVE = YES;
				CLANG_WARN_UNGUARDED_AVAILABILITY = YES_AGGRESSIVE;
				CLANG_WARN_UNREACHABLE_CODE = YES;
				CLANG_WARN__DUPLICATE_METHOD_MATCH = YES;
				COPY_PHASE_STRIP = NO;
				DEBUG_INFORMATION_FORMAT = "dwarf-with-dsym";
				ENABLE_NS_ASSERTIONS = NO;
				ENABLE_STRICT_OBJC_MSGSEND = YES;
				ENABLE_USER_SCRIPT_SANDBOXING = YES;
				GCC_C_LANGUAGE_STANDARD = gnu17;
				GCC_NO_COMMON_BLOCKS = YES;
				GCC_WARN_64_TO_32_BIT_CONVERSION = YES;
				GCC_WARN_ABOUT_RETURN_TYPE = YES_ERROR;
				GCC_WARN_UNDECLARED_SELECTOR = YES;
				GCC_WARN_UNINITIALIZED_AUTOS = YES_AGGRESSIVE;
				GCC_WARN_UNUSED_FUNCTION = YES;
				GCC_WARN_UNUSED_VARIABLE = YES;
				LOCALIZATION_PREFERS_STRING_CATALOGS = YES;
				MACOSX_DEPLOYMENT_TARGET = 14.2;
				MTL_ENABLE_DEBUG_INFO = NO;
				MTL_FAST_MATH = YES;
				SDKROOT = macosx;
				SWIFT_COMPILATION_MODE = wholemodule;
			};
			name = Release;
		};
		A11683932BAC6EED0021BA5C /* Debug */ = {
			isa = XCBuildConfiguration;
			buildSettings = {
				ASSETCATALOG_COMPILER_APPICON_NAME = AppIcon;
				ASSETCATALOG_COMPILER_GLOBAL_ACCENT_COLOR_NAME = AccentColor;
				CODE_SIGN_ENTITLEMENTS = "Finances Calc/Finances_Calc.entitlements";
				CODE_SIGN_STYLE = Automatic;
				COMBINE_HIDPI_IMAGES = YES;
				CURRENT_PROJECT_VERSION = 1;
				DEVELOPMENT_ASSET_PATHS = "\"Finances Calc/Preview Content\"";
				DEVELOPMENT_TEAM = FU8J9276T6;
				ENABLE_HARDENED_RUNTIME = YES;
				ENABLE_PREVIEWS = YES;
				GENERATE_INFOPLIST_FILE = YES;
				INFOPLIST_KEY_NSHumanReadableCopyright = "";
				LD_RUNPATH_SEARCH_PATHS = (
					"$(inherited)",
					"@executable_path/../Frameworks",
				);
				MACOSX_DEPLOYMENT_TARGET = 14.0;
				MARKETING_VERSION = 1.0;
				PRODUCT_BUNDLE_IDENTIFIER = "https---github.com-Cr3kk.Finances-Calc";
				PRODUCT_NAME = "$(TARGET_NAME)";
				SWIFT_EMIT_LOC_STRINGS = YES;
				SWIFT_VERSION = 5.0;
			};
			name = Debug;
		};
		A11683942BAC6EED0021BA5C /* Release */ = {
			isa = XCBuildConfiguration;
			buildSettings = {
				ASSETCATALOG_COMPILER_APPICON_NAME = AppIcon;
				ASSETCATALOG_COMPILER_GLOBAL_ACCENT_COLOR_NAME = AccentColor;
				CODE_SIGN_ENTITLEMENTS = "Finances Calc/Finances_Calc.entitlements";
				CODE_SIGN_STYLE = Automatic;
				COMBINE_HIDPI_IMAGES = YES;
				CURRENT_PROJECT_VERSION = 1;
				DEVELOPMENT_ASSET_PATHS = "\"Finances Calc/Preview Content\"";
				DEVELOPMENT_TEAM = FU8J9276T6;
				ENABLE_HARDENED_RUNTIME = YES;
				ENABLE_PREVIEWS = YES;
				GENERATE_INFOPLIST_FILE = YES;
				INFOPLIST_KEY_NSHumanReadableCopyright = "";
				LD_RUNPATH_SEARCH_PATHS = (
					"$(inherited)",
					"@executable_path/../Frameworks",
				);
				MACOSX_DEPLOYMENT_TARGET = 14.0;
				MARKETING_VERSION = 1.0;
				PRODUCT_BUNDLE_IDENTIFIER = "https---github.com-Cr3kk.Finances-Calc";
				PRODUCT_NAME = "$(TARGET_NAME)";
				SWIFT_EMIT_LOC_STRINGS = YES;
				SWIFT_VERSION = 5.0;
			};
			name = Release;
		};
		A11683962BAC6EED0021BA5C /* Debug */ = {
			isa = XCBuildConfiguration;
			buildSettings = {
				ALWAYS_EMBED_SWIFT_STANDARD_LIBRARIES = YES;
				BUNDLE_LOADER = "$(TEST_HOST)";
				CODE_SIGN_STYLE = Automatic;
				CURRENT_PROJECT_VERSION = 1;
				DEVELOPMENT_TEAM = FU8J9276T6;
				GENERATE_INFOPLIST_FILE = YES;
				MACOSX_DEPLOYMENT_TARGET = 14.0;
				MARKETING_VERSION = 1.0;
				PRODUCT_BUNDLE_IDENTIFIER = "https---github.com-Cr3kk.Finances-CalcTests";
				PRODUCT_NAME = "$(TARGET_NAME)";
				SWIFT_EMIT_LOC_STRINGS = NO;
				SWIFT_VERSION = 5.0;
				TEST_HOST = "$(BUILT_PRODUCTS_DIR)/Finances Calc.app/$(BUNDLE_EXECUTABLE_FOLDER_PATH)/Finances Calc";
			};
			name = Debug;
		};
		A11683972BAC6EED0021BA5C /* Release */ = {
			isa = XCBuildConfiguration;
			buildSettings = {
				ALWAYS_EMBED_SWIFT_STANDARD_LIBRARIES = YES;
				BUNDLE_LOADER = "$(TEST_HOST)";
				CODE_SIGN_STYLE = Automatic;
				CURRENT_PROJECT_VERSION = 1;
				DEVELOPMENT_TEAM = FU8J9276T6;
				GENERATE_INFOPLIST_FILE = YES;
				MACOSX_DEPLOYMENT_TARGET = 14.0;
				MARKETING_VERSION = 1.0;
				PRODUCT_BUNDLE_IDENTIFIER = "https---github.com-Cr3kk.Finances-CalcTests";
				PRODUCT_NAME = "$(TARGET_NAME)";
				SWIFT_EMIT_LOC_STRINGS = NO;
				SWIFT_VERSION = 5.0;
				TEST_HOST = "$(BUILT_PRODUCTS_DIR)/Finances Calc.app/$(BUNDLE_EXECUTABLE_FOLDER_PATH)/Finances Calc";
			};
			name = Release;
		};
		A11683992BAC6EED0021BA5C /* Debug */ = {
			isa = XCBuildConfiguration;
			buildSettings = {
				ALWAYS_EMBED_SWIFT_STANDARD_LIBRARIES = YES;
				CODE_SIGN_STYLE = Automatic;
				CURRENT_PROJECT_VERSION = 1;
				DEVELOPMENT_TEAM = FU8J9276T6;
				GENERATE_INFOPLIST_FILE = YES;
				MARKETING_VERSION = 1.0;
				PRODUCT_BUNDLE_IDENTIFIER = "https---github.com-Cr3kk.Finances-CalcUITests";
				PRODUCT_NAME = "$(TARGET_NAME)";
				SWIFT_EMIT_LOC_STRINGS = NO;
				SWIFT_VERSION = 5.0;
				TEST_TARGET_NAME = "Finances Calc";
			};
			name = Debug;
		};
		A116839A2BAC6EED0021BA5C /* Release */ = {
			isa = XCBuildConfiguration;
			buildSettings = {
				ALWAYS_EMBED_SWIFT_STANDARD_LIBRARIES = YES;
				CODE_SIGN_STYLE = Automatic;
				CURRENT_PROJECT_VERSION = 1;
				DEVELOPMENT_TEAM = FU8J9276T6;
				GENERATE_INFOPLIST_FILE = YES;
				MARKETING_VERSION = 1.0;
				PRODUCT_BUNDLE_IDENTIFIER = "https---github.com-Cr3kk.Finances-CalcUITests";
				PRODUCT_NAME = "$(TARGET_NAME)";
				SWIFT_EMIT_LOC_STRINGS = NO;
				SWIFT_VERSION = 5.0;
				TEST_TARGET_NAME = "Finances Calc";
			};
			name = Release;
		};
/* End XCBuildConfiguration section */

/* Begin XCConfigurationList section */
		A11683662BAC6EEA0021BA5C /* Build configuration list for PBXProject "Finances Calc" */ = {
			isa = XCConfigurationList;
			buildConfigurations = (
				A11683902BAC6EED0021BA5C /* Debug */,
				A11683912BAC6EED0021BA5C /* Release */,
			);
			defaultConfigurationIsVisible = 0;
			defaultConfigurationName = Release;
		};
		A11683922BAC6EED0021BA5C /* Build configuration list for PBXNativeTarget "Finances Calc" */ = {
			isa = XCConfigurationList;
			buildConfigurations = (
				A11683932BAC6EED0021BA5C /* Debug */,
				A11683942BAC6EED0021BA5C /* Release */,
			);
			defaultConfigurationIsVisible = 0;
			defaultConfigurationName = Release;
		};
		A11683952BAC6EED0021BA5C /* Build configuration list for PBXNativeTarget "Finances CalcTests" */ = {
			isa = XCConfigurationList;
			buildConfigurations = (
				A11683962BAC6EED0021BA5C /* Debug */,
				A11683972BAC6EED0021BA5C /* Release */,
			);
			defaultConfigurationIsVisible = 0;
			defaultConfigurationName = Release;
		};
		A11683982BAC6EED0021BA5C /* Build configuration list for PBXNativeTarget "Finances CalcUITests" */ = {
			isa = XCConfigurationList;
			buildConfigurations = (
				A11683992BAC6EED0021BA5C /* Debug */,
				A116839A2BAC6EED0021BA5C /* Release */,
			);
			defaultConfigurationIsVisible = 0;
			defaultConfigurationName = Release;
		};
/* End XCConfigurationList section */
	};
	rootObject = A11683632BAC6EEA0021BA5C /* Project object */;
}
